
Microsoft Visual Studio Solution File, Format Version 12.00
# Visual Studio 15
Project("{FAE04EC0-301F-11D3-BF4B-00C04F79EFBC}") = "Commute", "Commute\Commute.csproj", "{69FA5A45-A77B-4FA0-9ABB-4755EAB1E561}"
EndProject
Global
	GlobalSection(SolutionConfigurationPlatforms) = preSolution
		Debug|Any CPU = Debug|Any CPU
		Release|Any CPU = Release|Any CPU
	EndGlobalSection
	GlobalSection(ProjectConfigurationPlatforms) = postSolution
		{69FA5A45-A77B-4FA0-9ABB-4755EAB1E561}.Debug|Any CPU.ActiveCfg = Debug|Any CPU
		{69FA5A45-A77B-4FA0-9ABB-4755EAB1E561}.Debug|Any CPU.Build.0 = Debug|Any CPU
		{69FA5A45-A77B-4FA0-9ABB-4755EAB1E561}.Release|Any CPU.ActiveCfg = Release|Any CPU
		{69FA5A45-A77B-4FA0-9ABB-4755EAB1E561}.Release|Any CPU.Build.0 = Release|Any CPU
	EndGlobalSection
EndGlobal
